// !$*UTF8*$!
{
	archiveVersion = 1;
	classes = {
	};
	objectVersion = 56;
	objects = {

/* Begin PBXBuildFile section */
		FA7D89442C7B8A3700C88623 /* TrailAboutApp.swift in Sources */ = {isa = PBXBuildFile; fileRef = FA7D89432C7B8A3700C88623 /* TrailAboutApp.swift */; };
		FA7D89462C7B8A3700C88623 /* ContentView.swift in Sources */ = {isa = PBXBuildFile; fileRef = FA7D89452C7B8A3700C88623 /* ContentView.swift */; };
		FA7D894C2C7B8A3800C88623 /* Preview Assets.xcassets in Resources */ = {isa = PBXBuildFile; fileRef = FA7D894B2C7B8A3800C88623 /* Preview Assets.xcassets */; };
		FA7D89562C7B8A3800C88623 /* TrailAboutTests.swift in Sources */ = {isa = PBXBuildFile; fileRef = FA7D89552C7B8A3800C88623 /* TrailAboutTests.swift */; };
		FA7D89602C7B8A3800C88623 /* TrailAboutUITests.swift in Sources */ = {isa = PBXBuildFile; fileRef = FA7D895F2C7B8A3800C88623 /* TrailAboutUITests.swift */; };
		FA7D89622C7B8A3800C88623 /* TrailAboutUITestsLaunchTests.swift in Sources */ = {isa = PBXBuildFile; fileRef = FA7D89612C7B8A3800C88623 /* TrailAboutUITestsLaunchTests.swift */; };
		FA7D896F2C7B8FC400C88623 /* Assets.xcassets in Resources */ = {isa = PBXBuildFile; fileRef = FA7D896E2C7B8FC400C88623 /* Assets.xcassets */; };
		FA7D89742C7BA19E00C88623 /* Location.swift in Sources */ = {isa = PBXBuildFile; fileRef = FA7D89732C7BA19E00C88623 /* Location.swift */; };
		FA7D89772C7BA48600C88623 /* LocationsDataService.swift in Sources */ = {isa = PBXBuildFile; fileRef = FA7D89762C7BA48500C88623 /* LocationsDataService.swift */; };
		FA7D89792C7BA95600C88623 /* LocationsView.swift in Sources */ = {isa = PBXBuildFile; fileRef = FA7D89782C7BA95600C88623 /* LocationsView.swift */; };
		FA7D897B2C7BAD7E00C88623 /* LocationsViewModel.swift in Sources */ = {isa = PBXBuildFile; fileRef = FA7D897A2C7BAD7E00C88623 /* LocationsViewModel.swift */; };
		FA7D897F2C7D804B00C88623 /* LocationsListView.swift in Sources */ = {isa = PBXBuildFile; fileRef = FA7D897E2C7D804B00C88623 /* LocationsListView.swift */; };
		FA7D89812C7FE9C800C88623 /* LocationsPreviewView.swift in Sources */ = {isa = PBXBuildFile; fileRef = FA7D89802C7FE9C800C88623 /* LocationsPreviewView.swift */; };
		FA7D89832C80072B00C88623 /* LocationMapAnnotationView.swift in Sources */ = {isa = PBXBuildFile; fileRef = FA7D89822C80072B00C88623 /* LocationMapAnnotationView.swift */; };
		FA7D89852C81546F00C88623 /* LocationsDetailsView.swift in Sources */ = {isa = PBXBuildFile; fileRef = FA7D89842C81546F00C88623 /* LocationsDetailsView.swift */; };
/* End PBXBuildFile section */

/* Begin PBXContainerItemProxy section */
		FA7D89522C7B8A3800C88623 /* PBXContainerItemProxy */ = {
			isa = PBXContainerItemProxy;
			containerPortal = FA7D89382C7B8A3700C88623 /* Project object */;
			proxyType = 1;
			remoteGlobalIDString = FA7D893F2C7B8A3700C88623;
			remoteInfo = TrailAbout;
		};
		FA7D895C2C7B8A3800C88623 /* PBXContainerItemProxy */ = {
			isa = PBXContainerItemProxy;
			containerPortal = FA7D89382C7B8A3700C88623 /* Project object */;
			proxyType = 1;
			remoteGlobalIDString = FA7D893F2C7B8A3700C88623;
			remoteInfo = TrailAbout;
		};
/* End PBXContainerItemProxy section */

/* Begin PBXFileReference section */
		FA7D89402C7B8A3700C88623 /* TrailAbout.app */ = {isa = PBXFileReference; explicitFileType = wrapper.application; includeInIndex = 0; path = TrailAbout.app; sourceTree = BUILT_PRODUCTS_DIR; };
		FA7D89432C7B8A3700C88623 /* TrailAboutApp.swift */ = {isa = PBXFileReference; lastKnownFileType = sourcecode.swift; path = TrailAboutApp.swift; sourceTree = "<group>"; };
		FA7D89452C7B8A3700C88623 /* ContentView.swift */ = {isa = PBXFileReference; lastKnownFileType = sourcecode.swift; path = ContentView.swift; sourceTree = "<group>"; };
		FA7D89492C7B8A3800C88623 /* TrailAbout.entitlements */ = {isa = PBXFileReference; lastKnownFileType = text.plist.entitlements; path = TrailAbout.entitlements; sourceTree = "<group>"; };
		FA7D894B2C7B8A3800C88623 /* Preview Assets.xcassets */ = {isa = PBXFileReference; lastKnownFileType = folder.assetcatalog; path = "Preview Assets.xcassets"; sourceTree = "<group>"; };
		FA7D89512C7B8A3800C88623 /* TrailAboutTests.xctest */ = {isa = PBXFileReference; explicitFileType = wrapper.cfbundle; includeInIndex = 0; path = TrailAboutTests.xctest; sourceTree = BUILT_PRODUCTS_DIR; };
		FA7D89552C7B8A3800C88623 /* TrailAboutTests.swift */ = {isa = PBXFileReference; lastKnownFileType = sourcecode.swift; path = TrailAboutTests.swift; sourceTree = "<group>"; };
		FA7D895B2C7B8A3800C88623 /* TrailAboutUITests.xctest */ = {isa = PBXFileReference; explicitFileType = wrapper.cfbundle; includeInIndex = 0; path = TrailAboutUITests.xctest; sourceTree = BUILT_PRODUCTS_DIR; };
		FA7D895F2C7B8A3800C88623 /* TrailAboutUITests.swift */ = {isa = PBXFileReference; lastKnownFileType = sourcecode.swift; path = TrailAboutUITests.swift; sourceTree = "<group>"; };
		FA7D89612C7B8A3800C88623 /* TrailAboutUITestsLaunchTests.swift */ = {isa = PBXFileReference; lastKnownFileType = sourcecode.swift; path = TrailAboutUITestsLaunchTests.swift; sourceTree = "<group>"; };
		FA7D896E2C7B8FC400C88623 /* Assets.xcassets */ = {isa = PBXFileReference; lastKnownFileType = folder.assetcatalog; path = Assets.xcassets; sourceTree = "<group>"; };
		FA7D89732C7BA19E00C88623 /* Location.swift */ = {isa = PBXFileReference; lastKnownFileType = sourcecode.swift; path = Location.swift; sourceTree = "<group>"; };
		FA7D89762C7BA48500C88623 /* LocationsDataService.swift */ = {isa = PBXFileReference; fileEncoding = 4; lastKnownFileType = sourcecode.swift; path = LocationsDataService.swift; sourceTree = "<group>"; };
		FA7D89782C7BA95600C88623 /* LocationsView.swift */ = {isa = PBXFileReference; lastKnownFileType = sourcecode.swift; path = LocationsView.swift; sourceTree = "<group>"; };
		FA7D897A2C7BAD7E00C88623 /* LocationsViewModel.swift */ = {isa = PBXFileReference; lastKnownFileType = sourcecode.swift; path = LocationsViewModel.swift; sourceTree = "<group>"; };
		FA7D897E2C7D804B00C88623 /* LocationsListView.swift */ = {isa = PBXFileReference; lastKnownFileType = sourcecode.swift; path = LocationsListView.swift; sourceTree = "<group>"; };
		FA7D89802C7FE9C800C88623 /* LocationsPreviewView.swift */ = {isa = PBXFileReference; lastKnownFileType = sourcecode.swift; path = LocationsPreviewView.swift; sourceTree = "<group>"; };
		FA7D89822C80072B00C88623 /* LocationMapAnnotationView.swift */ = {isa = PBXFileReference; lastKnownFileType = sourcecode.swift; path = LocationMapAnnotationView.swift; sourceTree = "<group>"; };
		FA7D89842C81546F00C88623 /* LocationsDetailsView.swift */ = {isa = PBXFileReference; lastKnownFileType = sourcecode.swift; path = LocationsDetailsView.swift; sourceTree = "<group>"; };
/* End PBXFileReference section */

/* Begin PBXFrameworksBuildPhase section */
		FA7D893D2C7B8A3700C88623 /* Frameworks */ = {
			isa = PBXFrameworksBuildPhase;
			buildActionMask = 2147483647;
			files = (
			);
			runOnlyForDeploymentPostprocessing = 0;
		};
		FA7D894E2C7B8A3800C88623 /* Frameworks */ = {
			isa = PBXFrameworksBuildPhase;
			buildActionMask = 2147483647;
			files = (
			);
			runOnlyForDeploymentPostprocessing = 0;
		};
		FA7D89582C7B8A3800C88623 /* Frameworks */ = {
			isa = PBXFrameworksBuildPhase;
			buildActionMask = 2147483647;
			files = (
			);
			runOnlyForDeploymentPostprocessing = 0;
		};
/* End PBXFrameworksBuildPhase section */

/* Begin PBXGroup section */
		FA7D89372C7B8A3700C88623 = {
			isa = PBXGroup;
			children = (
				FA7D89422C7B8A3700C88623 /* TrailAbout */,
				FA7D89542C7B8A3800C88623 /* TrailAboutTests */,
				FA7D895E2C7B8A3800C88623 /* TrailAboutUITests */,
				FA7D89412C7B8A3700C88623 /* Products */,
			);
			sourceTree = "<group>";
		};
		FA7D89412C7B8A3700C88623 /* Products */ = {
			isa = PBXGroup;
			children = (
				FA7D89402C7B8A3700C88623 /* TrailAbout.app */,
				FA7D89512C7B8A3800C88623 /* TrailAboutTests.xctest */,
				FA7D895B2C7B8A3800C88623 /* TrailAboutUITests.xctest */,
			);
			name = Products;
			sourceTree = "<group>";
		};
		FA7D89422C7B8A3700C88623 /* TrailAbout */ = {
			isa = PBXGroup;
			children = (
				FA7D89432C7B8A3700C88623 /* TrailAboutApp.swift */,
				FA7D89452C7B8A3700C88623 /* ContentView.swift */,
				FA7D89752C7BA3D100C88623 /* DataServices */,
				FA7D89712C7B985100C88623 /* Views */,
				FA7D89722C7B985D00C88623 /* ViewModels */,
				FA7D89702C7B984A00C88623 /* Models */,
				FA7D896E2C7B8FC400C88623 /* Assets.xcassets */,
				FA7D89492C7B8A3800C88623 /* TrailAbout.entitlements */,
				FA7D894A2C7B8A3800C88623 /* Preview Content */,
			);
			path = TrailAbout;
			sourceTree = "<group>";
		};
		FA7D894A2C7B8A3800C88623 /* Preview Content */ = {
			isa = PBXGroup;
			children = (
				FA7D894B2C7B8A3800C88623 /* Preview Assets.xcassets */,
			);
			path = "Preview Content";
			sourceTree = "<group>";
		};
		FA7D89542C7B8A3800C88623 /* TrailAboutTests */ = {
			isa = PBXGroup;
			children = (
				FA7D89552C7B8A3800C88623 /* TrailAboutTests.swift */,
			);
			path = TrailAboutTests;
			sourceTree = "<group>";
		};
		FA7D895E2C7B8A3800C88623 /* TrailAboutUITests */ = {
			isa = PBXGroup;
			children = (
				FA7D895F2C7B8A3800C88623 /* TrailAboutUITests.swift */,
				FA7D89612C7B8A3800C88623 /* TrailAboutUITestsLaunchTests.swift */,
			);
			path = TrailAboutUITests;
			sourceTree = "<group>";
		};
		FA7D89702C7B984A00C88623 /* Models */ = {
			isa = PBXGroup;
			children = (
				FA7D89732C7BA19E00C88623 /* Location.swift */,
			);
			path = Models;
			sourceTree = "<group>";
		};
		FA7D89712C7B985100C88623 /* Views */ = {
			isa = PBXGroup;
			children = (
				FA7D89782C7BA95600C88623 /* LocationsView.swift */,
				FA7D89842C81546F00C88623 /* LocationsDetailsView.swift */,
				FA7D89822C80072B00C88623 /* LocationMapAnnotationView.swift */,
				FA7D89802C7FE9C800C88623 /* LocationsPreviewView.swift */,
				FA7D897E2C7D804B00C88623 /* LocationsListView.swift */,
			);
			path = Views;
			sourceTree = "<group>";
		};
		FA7D89722C7B985D00C88623 /* ViewModels */ = {
			isa = PBXGroup;
			children = (
				FA7D897A2C7BAD7E00C88623 /* LocationsViewModel.swift */,
			);
			path = ViewModels;
			sourceTree = "<group>";
		};
		FA7D89752C7BA3D100C88623 /* DataServices */ = {
			isa = PBXGroup;
			children = (
				FA7D89762C7BA48500C88623 /* LocationsDataService.swift */,
			);
			path = DataServices;
			sourceTree = "<group>";
		};
/* End PBXGroup section */

/* Begin PBXNativeTarget section */
		FA7D893F2C7B8A3700C88623 /* TrailAbout */ = {
			isa = PBXNativeTarget;
			buildConfigurationList = FA7D89652C7B8A3800C88623 /* Build configuration list for PBXNativeTarget "TrailAbout" */;
			buildPhases = (
				FA7D893C2C7B8A3700C88623 /* Sources */,
				FA7D893D2C7B8A3700C88623 /* Frameworks */,
				FA7D893E2C7B8A3700C88623 /* Resources */,
			);
			buildRules = (
			);
			dependencies = (
			);
			name = TrailAbout;
			productName = TrailAbout;
			productReference = FA7D89402C7B8A3700C88623 /* TrailAbout.app */;
			productType = "com.apple.product-type.application";
		};
		FA7D89502C7B8A3800C88623 /* TrailAboutTests */ = {
			isa = PBXNativeTarget;
			buildConfigurationList = FA7D89682C7B8A3800C88623 /* Build configuration list for PBXNativeTarget "TrailAboutTests" */;
			buildPhases = (
				FA7D894D2C7B8A3800C88623 /* Sources */,
				FA7D894E2C7B8A3800C88623 /* Frameworks */,
				FA7D894F2C7B8A3800C88623 /* Resources */,
			);
			buildRules = (
			);
			dependencies = (
				FA7D89532C7B8A3800C88623 /* PBXTargetDependency */,
			);
			name = TrailAboutTests;
			productName = TrailAboutTests;
			productReference = FA7D89512C7B8A3800C88623 /* TrailAboutTests.xctest */;
			productType = "com.apple.product-type.bundle.unit-test";
		};
		FA7D895A2C7B8A3800C88623 /* TrailAboutUITests */ = {
			isa = PBXNativeTarget;
			buildConfigurationList = FA7D896B2C7B8A3800C88623 /* Build configuration list for PBXNativeTarget "TrailAboutUITests" */;
			buildPhases = (
				FA7D89572C7B8A3800C88623 /* Sources */,
				FA7D89582C7B8A3800C88623 /* Frameworks */,
				FA7D89592C7B8A3800C88623 /* Resources */,
			);
			buildRules = (
			);
			dependencies = (
				FA7D895D2C7B8A3800C88623 /* PBXTargetDependency */,
			);
			name = TrailAboutUITests;
			productName = TrailAboutUITests;
			productReference = FA7D895B2C7B8A3800C88623 /* TrailAboutUITests.xctest */;
			productType = "com.apple.product-type.bundle.ui-testing";
		};
/* End PBXNativeTarget section */

/* Begin PBXProject section */
		FA7D89382C7B8A3700C88623 /* Project object */ = {
			isa = PBXProject;
			attributes = {
				BuildIndependentTargetsInParallel = 1;
				LastSwiftUpdateCheck = 1540;
				LastUpgradeCheck = 1540;
				TargetAttributes = {
					FA7D893F2C7B8A3700C88623 = {
						CreatedOnToolsVersion = 15.4;
					};
					FA7D89502C7B8A3800C88623 = {
						CreatedOnToolsVersion = 15.4;
						TestTargetID = FA7D893F2C7B8A3700C88623;
					};
					FA7D895A2C7B8A3800C88623 = {
						CreatedOnToolsVersion = 15.4;
						TestTargetID = FA7D893F2C7B8A3700C88623;
					};
				};
			};
			buildConfigurationList = FA7D893B2C7B8A3700C88623 /* Build configuration list for PBXProject "TrailAbout" */;
			compatibilityVersion = "Xcode 14.0";
			developmentRegion = en;
			hasScannedForEncodings = 0;
			knownRegions = (
				en,
				Base,
			);
			mainGroup = FA7D89372C7B8A3700C88623;
			productRefGroup = FA7D89412C7B8A3700C88623 /* Products */;
			projectDirPath = "";
			projectRoot = "";
			targets = (
				FA7D893F2C7B8A3700C88623 /* TrailAbout */,
				FA7D89502C7B8A3800C88623 /* TrailAboutTests */,
				FA7D895A2C7B8A3800C88623 /* TrailAboutUITests */,
			);
		};
/* End PBXProject section */

/* Begin PBXResourcesBuildPhase section */
		FA7D893E2C7B8A3700C88623 /* Resources */ = {
			isa = PBXResourcesBuildPhase;
			buildActionMask = 2147483647;
			files = (
				FA7D896F2C7B8FC400C88623 /* Assets.xcassets in Resources */,
				FA7D894C2C7B8A3800C88623 /* Preview Assets.xcassets in Resources */,
			);
			runOnlyForDeploymentPostprocessing = 0;
		};
		FA7D894F2C7B8A3800C88623 /* Resources */ = {
			isa = PBXResourcesBuildPhase;
			buildActionMask = 2147483647;
			files = (
			);
			runOnlyForDeploymentPostprocessing = 0;
		};
		FA7D89592C7B8A3800C88623 /* Resources */ = {
			isa = PBXResourcesBuildPhase;
			buildActionMask = 2147483647;
			files = (
			);
			runOnlyForDeploymentPostprocessing = 0;
		};
/* End PBXResourcesBuildPhase section */

/* Begin PBXSourcesBuildPhase section */
		FA7D893C2C7B8A3700C88623 /* Sources */ = {
			isa = PBXSourcesBuildPhase;
			buildActionMask = 2147483647;
			files = (
				FA7D89852C81546F00C88623 /* LocationsDetailsView.swift in Sources */,
				FA7D89772C7BA48600C88623 /* LocationsDataService.swift in Sources */,
				FA7D89832C80072B00C88623 /* LocationMapAnnotationView.swift in Sources */,
				FA7D897F2C7D804B00C88623 /* LocationsListView.swift in Sources */,
				FA7D897B2C7BAD7E00C88623 /* LocationsViewModel.swift in Sources */,
				FA7D89462C7B8A3700C88623 /* ContentView.swift in Sources */,
				FA7D89792C7BA95600C88623 /* LocationsView.swift in Sources */,
				FA7D89742C7BA19E00C88623 /* Location.swift in Sources */,
				FA7D89812C7FE9C800C88623 /* LocationsPreviewView.swift in Sources */,
				FA7D89442C7B8A3700C88623 /* TrailAboutApp.swift in Sources */,
			);
			runOnlyForDeploymentPostprocessing = 0;
		};
		FA7D894D2C7B8A3800C88623 /* Sources */ = {
			isa = PBXSourcesBuildPhase;
			buildActionMask = 2147483647;
			files = (
				FA7D89562C7B8A3800C88623 /* TrailAboutTests.swift in Sources */,
			);
			runOnlyForDeploymentPostprocessing = 0;
		};
		FA7D89572C7B8A3800C88623 /* Sources */ = {
			isa = PBXSourcesBuildPhase;
			buildActionMask = 2147483647;
			files = (
				FA7D89602C7B8A3800C88623 /* TrailAboutUITests.swift in Sources */,
				FA7D89622C7B8A3800C88623 /* TrailAboutUITestsLaunchTests.swift in Sources */,
			);
			runOnlyForDeploymentPostprocessing = 0;
		};
/* End PBXSourcesBuildPhase section */

/* Begin PBXTargetDependency section */
		FA7D89532C7B8A3800C88623 /* PBXTargetDependency */ = {
			isa = PBXTargetDependency;
			target = FA7D893F2C7B8A3700C88623 /* TrailAbout */;
			targetProxy = FA7D89522C7B8A3800C88623 /* PBXContainerItemProxy */;
		};
		FA7D895D2C7B8A3800C88623 /* PBXTargetDependency */ = {
			isa = PBXTargetDependency;
			target = FA7D893F2C7B8A3700C88623 /* TrailAbout */;
			targetProxy = FA7D895C2C7B8A3800C88623 /* PBXContainerItemProxy */;
		};
/* End PBXTargetDependency section */

/* Begin XCBuildConfiguration section */
		FA7D89632C7B8A3800C88623 /* Debug */ = {
			isa = XCBuildConfiguration;
			buildSettings = {
				ALWAYS_SEARCH_USER_PATHS = NO;
				ASSETCATALOG_COMPILER_GENERATE_SWIFT_ASSET_SYMBOL_EXTENSIONS = YES;
				CLANG_ANALYZER_NONNULL = YES;
				CLANG_ANALYZER_NUMBER_OBJECT_CONVERSION = YES_AGGRESSIVE;
				CLANG_CXX_LANGUAGE_STANDARD = "gnu++20";
				CLANG_ENABLE_MODULES = YES;
				CLANG_ENABLE_OBJC_ARC = YES;
				CLANG_ENABLE_OBJC_WEAK = YES;
				CLANG_WARN_BLOCK_CAPTURE_AUTORELEASING = YES;
				CLANG_WARN_BOOL_CONVERSION = YES;
				CLANG_WARN_COMMA = YES;
				CLANG_WARN_CONSTANT_CONVERSION = YES;
				CLANG_WARN_DEPRECATED_OBJC_IMPLEMENTATIONS = YES;
				CLANG_WARN_DIRECT_OBJC_ISA_USAGE = YES_ERROR;
				CLANG_WARN_DOCUMENTATION_COMMENTS = YES;
				CLANG_WARN_EMPTY_BODY = YES;
				CLANG_WARN_ENUM_CONVERSION = YES;
				CLANG_WARN_INFINITE_RECURSION = YES;
				CLANG_WARN_INT_CONVERSION = YES;
				CLANG_WARN_NON_LITERAL_NULL_CONVERSION = YES;
				CLANG_WARN_OBJC_IMPLICIT_RETAIN_SELF = YES;
				CLANG_WARN_OBJC_LITERAL_CONVERSION = YES;
				CLANG_WARN_OBJC_ROOT_CLASS = YES_ERROR;
				CLANG_WARN_QUOTED_INCLUDE_IN_FRAMEWORK_HEADER = YES;
				CLANG_WARN_RANGE_LOOP_ANALYSIS = YES;
				CLANG_WARN_STRICT_PROTOTYPES = YES;
				CLANG_WARN_SUSPICIOUS_MOVE = YES;
				CLANG_WARN_UNGUARDED_AVAILABILITY = YES_AGGRESSIVE;
				CLANG_WARN_UNREACHABLE_CODE = YES;
				CLANG_WARN__DUPLICATE_METHOD_MATCH = YES;
				COPY_PHASE_STRIP = NO;
				DEBUG_INFORMATION_FORMAT = dwarf;
				ENABLE_STRICT_OBJC_MSGSEND = YES;
				ENABLE_TESTABILITY = YES;
				ENABLE_USER_SCRIPT_SANDBOXING = YES;
				GCC_C_LANGUAGE_STANDARD = gnu17;
				GCC_DYNAMIC_NO_PIC = NO;
				GCC_NO_COMMON_BLOCKS = YES;
				GCC_OPTIMIZATION_LEVEL = 0;
				GCC_PREPROCESSOR_DEFINITIONS = (
					"DEBUG=1",
					"$(inherited)",
				);
				GCC_WARN_64_TO_32_BIT_CONVERSION = YES;
				GCC_WARN_ABOUT_RETURN_TYPE = YES_ERROR;
				GCC_WARN_UNDECLARED_SELECTOR = YES;
				GCC_WARN_UNINITIALIZED_AUTOS = YES_AGGRESSIVE;
				GCC_WARN_UNUSED_FUNCTION = YES;
				GCC_WARN_UNUSED_VARIABLE = YES;
				LOCALIZATION_PREFERS_STRING_CATALOGS = YES;
				MTL_ENABLE_DEBUG_INFO = INCLUDE_SOURCE;
				MTL_FAST_MATH = YES;
				ONLY_ACTIVE_ARCH = YES;
				SWIFT_ACTIVE_COMPILATION_CONDITIONS = "DEBUG $(inherited)";
				SWIFT_OPTIMIZATION_LEVEL = "-Onone";
			};
			name = Debug;
		};
		FA7D89642C7B8A3800C88623 /* Release */ = {
			isa = XCBuildConfiguration;
			buildSettings = {
				ALWAYS_SEARCH_USER_PATHS = NO;
				ASSETCATALOG_COMPILER_GENERATE_SWIFT_ASSET_SYMBOL_EXTENSIONS = YES;
				CLANG_ANALYZER_NONNULL = YES;
				CLANG_ANALYZER_NUMBER_OBJECT_CONVERSION = YES_AGGRESSIVE;
				CLANG_CXX_LANGUAGE_STANDARD = "gnu++20";
				CLANG_ENABLE_MODULES = YES;
				CLANG_ENABLE_OBJC_ARC = YES;
				CLANG_ENABLE_OBJC_WEAK = YES;
				CLANG_WARN_BLOCK_CAPTURE_AUTORELEASING = YES;
				CLANG_WARN_BOOL_CONVERSION = YES;
				CLANG_WARN_COMMA = YES;
				CLANG_WARN_CONSTANT_CONVERSION = YES;
				CLANG_WARN_DEPRECATED_OBJC_IMPLEMENTATIONS = YES;
				CLANG_WARN_DIRECT_OBJC_ISA_USAGE = YES_ERROR;
				CLANG_WARN_DOCUMENTATION_COMMENTS = YES;
				CLANG_WARN_EMPTY_BODY = YES;
				CLANG_WARN_ENUM_CONVERSION = YES;
				CLANG_WARN_INFINITE_RECURSION = YES;
				CLANG_WARN_INT_CONVERSION = YES;
				CLANG_WARN_NON_LITERAL_NULL_CONVERSION = YES;
				CLANG_WARN_OBJC_IMPLICIT_RETAIN_SELF = YES;
				CLANG_WARN_OBJC_LITERAL_CONVERSION = YES;
				CLANG_WARN_OBJC_ROOT_CLASS = YES_ERROR;
				CLANG_WARN_QUOTED_INCLUDE_IN_FRAMEWORK_HEADER = YES;
				CLANG_WARN_RANGE_LOOP_ANALYSIS = YES;
				CLANG_WARN_STRICT_PROTOTYPES = YES;
				CLANG_WARN_SUSPICIOUS_MOVE = YES;
				CLANG_WARN_UNGUARDED_AVAILABILITY = YES_AGGRESSIVE;
				CLANG_WARN_UNREACHABLE_CODE = YES;
				CLANG_WARN__DUPLICATE_METHOD_MATCH = YES;
				COPY_PHASE_STRIP = NO;
				DEBUG_INFORMATION_FORMAT = "dwarf-with-dsym";
				ENABLE_NS_ASSERTIONS = NO;
				ENABLE_STRICT_OBJC_MSGSEND = YES;
				ENABLE_USER_SCRIPT_SANDBOXING = YES;
				GCC_C_LANGUAGE_STANDARD = gnu17;
				GCC_NO_COMMON_BLOCKS = YES;
				GCC_WARN_64_TO_32_BIT_CONVERSION = YES;
				GCC_WARN_ABOUT_RETURN_TYPE = YES_ERROR;
				GCC_WARN_UNDECLARED_SELECTOR = YES;
				GCC_WARN_UNINITIALIZED_AUTOS = YES_AGGRESSIVE;
				GCC_WARN_UNUSED_FUNCTION = YES;
				GCC_WARN_UNUSED_VARIABLE = YES;
				LOCALIZATION_PREFERS_STRING_CATALOGS = YES;
				MTL_ENABLE_DEBUG_INFO = NO;
				MTL_FAST_MATH = YES;
				SWIFT_COMPILATION_MODE = wholemodule;
			};
			name = Release;
		};
		FA7D89662C7B8A3800C88623 /* Debug */ = {
			isa = XCBuildConfiguration;
			buildSettings = {
				ASSETCATALOG_COMPILER_APPICON_NAME = AppIcon;
				ASSETCATALOG_COMPILER_GLOBAL_ACCENT_COLOR_NAME = AccentColor;
				CODE_SIGN_ENTITLEMENTS = TrailAbout/TrailAbout.entitlements;
				CODE_SIGN_STYLE = Automatic;
				CURRENT_PROJECT_VERSION = 1;
				DEVELOPMENT_ASSET_PATHS = "\"TrailAbout/Preview Content\"";
				DEVELOPMENT_TEAM = T953MBS823;
				ENABLE_HARDENED_RUNTIME = YES;
				ENABLE_PREVIEWS = YES;
				GENERATE_INFOPLIST_FILE = YES;
				INFOPLIST_KEY_CFBundleDisplayName = "Trail About ";
				"INFOPLIST_KEY_UIApplicationSceneManifest_Generation[sdk=iphoneos*]" = YES;
				"INFOPLIST_KEY_UIApplicationSceneManifest_Generation[sdk=iphonesimulator*]" = YES;
				"INFOPLIST_KEY_UIApplicationSupportsIndirectInputEvents[sdk=iphoneos*]" = YES;
				"INFOPLIST_KEY_UIApplicationSupportsIndirectInputEvents[sdk=iphonesimulator*]" = YES;
				"INFOPLIST_KEY_UILaunchScreen_Generation[sdk=iphoneos*]" = YES;
				"INFOPLIST_KEY_UILaunchScreen_Generation[sdk=iphonesimulator*]" = YES;
				"INFOPLIST_KEY_UIStatusBarStyle[sdk=iphoneos*]" = UIStatusBarStyleDefault;
				"INFOPLIST_KEY_UIStatusBarStyle[sdk=iphonesimulator*]" = UIStatusBarStyleDefault;
				INFOPLIST_KEY_UISupportedInterfaceOrientations_iPad = "UIInterfaceOrientationPortrait UIInterfaceOrientationPortraitUpsideDown UIInterfaceOrientationLandscapeLeft UIInterfaceOrientationLandscapeRight";
				INFOPLIST_KEY_UISupportedInterfaceOrientations_iPhone = "UIInterfaceOrientationPortrait UIInterfaceOrientationLandscapeLeft UIInterfaceOrientationLandscapeRight";
				IPHONEOS_DEPLOYMENT_TARGET = 17.5;
				LD_RUNPATH_SEARCH_PATHS = "@executable_path/Frameworks";
				"LD_RUNPATH_SEARCH_PATHS[sdk=macosx*]" = "@executable_path/../Frameworks";
				MACOSX_DEPLOYMENT_TARGET = 14.2;
				MARKETING_VERSION = 1.0;
				PRODUCT_BUNDLE_IDENTIFIER = com.misanetc.TrailAbout;
				PRODUCT_NAME = "$(TARGET_NAME)";
				SDKROOT = auto;
				SUPPORTED_PLATFORMS = "iphoneos iphonesimulator macosx";
				SWIFT_EMIT_LOC_STRINGS = YES;
				SWIFT_VERSION = 5.0;
				TARGETED_DEVICE_FAMILY = "1,2";
			};
			name = Debug;
		};
		FA7D89672C7B8A3800C88623 /* Release */ = {
			isa = XCBuildConfiguration;
			buildSettings = {
				ASSETCATALOG_COMPILER_APPICON_NAME = AppIcon;
				ASSETCATALOG_COMPILER_GLOBAL_ACCENT_COLOR_NAME = AccentColor;
				CODE_SIGN_ENTITLEMENTS = TrailAbout/TrailAbout.entitlements;
				CODE_SIGN_STYLE = Automatic;
				CURRENT_PROJECT_VERSION = 1;
				DEVELOPMENT_ASSET_PATHS = "\"TrailAbout/Preview Content\"";
				DEVELOPMENT_TEAM = T953MBS823;
				ENABLE_HARDENED_RUNTIME = YES;
				ENABLE_PREVIEWS = YES;
				GENERATE_INFOPLIST_FILE = YES;
				INFOPLIST_KEY_CFBundleDisplayName = "Trail About ";
				"INFOPLIST_KEY_UIApplicationSceneManifest_Generation[sdk=iphoneos*]" = YES;
				"INFOPLIST_KEY_UIApplicationSceneManifest_Generation[sdk=iphonesimulator*]" = YES;
				"INFOPLIST_KEY_UIApplicationSupportsIndirectInputEvents[sdk=iphoneos*]" = YES;
				"INFOPLIST_KEY_UIApplicationSupportsIndirectInputEvents[sdk=iphonesimulator*]" = YES;
				"INFOPLIST_KEY_UILaunchScreen_Generation[sdk=iphoneos*]" = YES;
				"INFOPLIST_KEY_UILaunchScreen_Generation[sdk=iphonesimulator*]" = YES;
				"INFOPLIST_KEY_UIStatusBarStyle[sdk=iphoneos*]" = UIStatusBarStyleDefault;
				"INFOPLIST_KEY_UIStatusBarStyle[sdk=iphonesimulator*]" = UIStatusBarStyleDefault;
				INFOPLIST_KEY_UISupportedInterfaceOrientations_iPad = "UIInterfaceOrientationPortrait UIInterfaceOrientationPortraitUpsideDown UIInterfaceOrientationLandscapeLeft UIInterfaceOrientationLandscapeRight";
				INFOPLIST_KEY_UISupportedInterfaceOrientations_iPhone = "UIInterfaceOrientationPortrait UIInterfaceOrientationLandscapeLeft UIInterfaceOrientationLandscapeRight";
				IPHONEOS_DEPLOYMENT_TARGET = 17.5;
				LD_RUNPATH_SEARCH_PATHS = "@executable_path/Frameworks";
				"LD_RUNPATH_SEARCH_PATHS[sdk=macosx*]" = "@executable_path/../Frameworks";
				MACOSX_DEPLOYMENT_TARGET = 14.2;
				MARKETING_VERSION = 1.0;
				PRODUCT_BUNDLE_IDENTIFIER = com.misanetc.TrailAbout;
				PRODUCT_NAME = "$(TARGET_NAME)";
				SDKROOT = auto;
				SUPPORTED_PLATFORMS = "iphoneos iphonesimulator macosx";
				SWIFT_EMIT_LOC_STRINGS = YES;
				SWIFT_VERSION = 5.0;
				TARGETED_DEVICE_FAMILY = "1,2";
			};
			name = Release;
		};
		FA7D89692C7B8A3800C88623 /* Debug */ = {
			isa = XCBuildConfiguration;
			buildSettings = {
				ALWAYS_EMBED_SWIFT_STANDARD_LIBRARIES = YES;
				BUNDLE_LOADER = "$(TEST_HOST)";
				CODE_SIGN_STYLE = Automatic;
				CURRENT_PROJECT_VERSION = 1;
				DEVELOPMENT_TEAM = T953MBS823;
				GENERATE_INFOPLIST_FILE = YES;
				IPHONEOS_DEPLOYMENT_TARGET = 17.5;
				MACOSX_DEPLOYMENT_TARGET = 14.2;
				MARKETING_VERSION = 1.0;
				PRODUCT_BUNDLE_IDENTIFIER = com.misanetc.TrailAboutTests;
				PRODUCT_NAME = "$(TARGET_NAME)";
				SDKROOT = auto;
				SUPPORTED_PLATFORMS = "iphoneos iphonesimulator macosx";
				SWIFT_EMIT_LOC_STRINGS = NO;
				SWIFT_VERSION = 5.0;
				TARGETED_DEVICE_FAMILY = "1,2";
				TEST_HOST = "$(BUILT_PRODUCTS_DIR)/TrailAbout.app/$(BUNDLE_EXECUTABLE_FOLDER_PATH)/TrailAbout";
			};
			name = Debug;
		};
		FA7D896A2C7B8A3800C88623 /* Release */ = {
			isa = XCBuildConfiguration;
			buildSettings = {
				ALWAYS_EMBED_SWIFT_STANDARD_LIBRARIES = YES;
				BUNDLE_LOADER = "$(TEST_HOST)";
				CODE_SIGN_STYLE = Automatic;
				CURRENT_PROJECT_VERSION = 1;
				DEVELOPMENT_TEAM = T953MBS823;
				GENERATE_INFOPLIST_FILE = YES;
				IPHONEOS_DEPLOYMENT_TARGET = 17.5;
				MACOSX_DEPLOYMENT_TARGET = 14.2;
				MARKETING_VERSION = 1.0;
				PRODUCT_BUNDLE_IDENTIFIER = com.misanetc.TrailAboutTests;
				PRODUCT_NAME = "$(TARGET_NAME)";
				SDKROOT = auto;
				SUPPORTED_PLATFORMS = "iphoneos iphonesimulator macosx";
				SWIFT_EMIT_LOC_STRINGS = NO;
				SWIFT_VERSION = 5.0;
				TARGETED_DEVICE_FAMILY = "1,2";
				TEST_HOST = "$(BUILT_PRODUCTS_DIR)/TrailAbout.app/$(BUNDLE_EXECUTABLE_FOLDER_PATH)/TrailAbout";
			};
			name = Release;
		};
		FA7D896C2C7B8A3800C88623 /* Debug */ = {
			isa = XCBuildConfiguration;
			buildSettings = {
				ALWAYS_EMBED_SWIFT_STANDARD_LIBRARIES = YES;
				CODE_SIGN_STYLE = Automatic;
				CURRENT_PROJECT_VERSION = 1;
				DEVELOPMENT_TEAM = T953MBS823;
				GENERATE_INFOPLIST_FILE = YES;
				IPHONEOS_DEPLOYMENT_TARGET = 17.5;
				MACOSX_DEPLOYMENT_TARGET = 14.2;
				MARKETING_VERSION = 1.0;
				PRODUCT_BUNDLE_IDENTIFIER = com.misanetc.TrailAboutUITests;
				PRODUCT_NAME = "$(TARGET_NAME)";
				SDKROOT = auto;
				SUPPORTED_PLATFORMS = "iphoneos iphonesimulator macosx";
				SWIFT_EMIT_LOC_STRINGS = NO;
				SWIFT_VERSION = 5.0;
				TARGETED_DEVICE_FAMILY = "1,2";
				TEST_TARGET_NAME = TrailAbout;
			};
			name = Debug;
		};
		FA7D896D2C7B8A3800C88623 /* Release */ = {
			isa = XCBuildConfiguration;
			buildSettings = {
				ALWAYS_EMBED_SWIFT_STANDARD_LIBRARIES = YES;
				CODE_SIGN_STYLE = Automatic;
				CURRENT_PROJECT_VERSION = 1;
				DEVELOPMENT_TEAM = T953MBS823;
				GENERATE_INFOPLIST_FILE = YES;
				IPHONEOS_DEPLOYMENT_TARGET = 17.5;
				MACOSX_DEPLOYMENT_TARGET = 14.2;
				MARKETING_VERSION = 1.0;
				PRODUCT_BUNDLE_IDENTIFIER = com.misanetc.TrailAboutUITests;
				PRODUCT_NAME = "$(TARGET_NAME)";
				SDKROOT = auto;
				SUPPORTED_PLATFORMS = "iphoneos iphonesimulator macosx";
				SWIFT_EMIT_LOC_STRINGS = NO;
				SWIFT_VERSION = 5.0;
				TARGETED_DEVICE_FAMILY = "1,2";
				TEST_TARGET_NAME = TrailAbout;
			};
			name = Release;
		};
/* End XCBuildConfiguration section */

/* Begin XCConfigurationList section */
		FA7D893B2C7B8A3700C88623 /* Build configuration list for PBXProject "TrailAbout" */ = {
			isa = XCConfigurationList;
			buildConfigurations = (
				FA7D89632C7B8A3800C88623 /* Debug */,
				FA7D89642C7B8A3800C88623 /* Release */,
			);
			defaultConfigurationIsVisible = 0;
			defaultConfigurationName = Release;
		};
		FA7D89652C7B8A3800C88623 /* Build configuration list for PBXNativeTarget "TrailAbout" */ = {
			isa = XCConfigurationList;
			buildConfigurations = (
				FA7D89662C7B8A3800C88623 /* Debug */,
				FA7D89672C7B8A3800C88623 /* Release */,
			);
			defaultConfigurationIsVisible = 0;
			defaultConfigurationName = Release;
		};
		FA7D89682C7B8A3800C88623 /* Build configuration list for PBXNativeTarget "TrailAboutTests" */ = {
			isa = XCConfigurationList;
			buildConfigurations = (
				FA7D89692C7B8A3800C88623 /* Debug */,
				FA7D896A2C7B8A3800C88623 /* Release */,
			);
			defaultConfigurationIsVisible = 0;
			defaultConfigurationName = Release;
		};
		FA7D896B2C7B8A3800C88623 /* Build configuration list for PBXNativeTarget "TrailAboutUITests" */ = {
			isa = XCConfigurationList;
			buildConfigurations = (
				FA7D896C2C7B8A3800C88623 /* Debug */,
				FA7D896D2C7B8A3800C88623 /* Release */,
			);
			defaultConfigurationIsVisible = 0;
			defaultConfigurationName = Release;
		};
/* End XCConfigurationList section */
	};
	rootObject = FA7D89382C7B8A3700C88623 /* Project object */;
}
